
Microsoft Visual Studio Solution File, Format Version 12.00
# Visual Studio 15
VisualStudioVersion = 15.0.27428.2037
MinimumVisualStudioVersion = 10.0.40219.1
Project("{FAE04EC0-301F-11D3-BF4B-00C04F79EFBC}") = "webapi1", "..\..\..\Angular1\webapi1\webapi1\webapi1.csproj", "{0E3ACB61-CBA6-439F-A6D6-62F6A23FC9E6}"
EndProject
Global
	GlobalSection(SolutionConfigurationPlatforms) = preSolution
		Debug|Any CPU = Debug|Any CPU
		Release|Any CPU = Release|Any CPU
	EndGlobalSection
	GlobalSection(ProjectConfigurationPlatforms) = postSolution
		{0E3ACB61-CBA6-439F-A6D6-62F6A23FC9E6}.Debug|Any CPU.ActiveCfg = Debug|Any CPU
		{0E3ACB61-CBA6-439F-A6D6-62F6A23FC9E6}.Debug|Any CPU.Build.0 = Debug|Any CPU
		{0E3ACB61-CBA6-439F-A6D6-62F6A23FC9E6}.Release|Any CPU.ActiveCfg = Release|Any CPU
		{0E3ACB61-CBA6-439F-A6D6-62F6A23FC9E6}.Release|Any CPU.Build.0 = Release|Any CPU
	EndGlobalSection
	GlobalSection(SolutionProperties) = preSolution
		HideSolutionNode = FALSE
	EndGlobalSection
	GlobalSection(ExtensibilityGlobals) = postSolution
		SolutionGuid = {875BB14E-ED3C-4345-9C9C-CFF62CE94B4D}
	EndGlobalSection
EndGlobal
